
Microsoft Visual Studio Solution File, Format Version 12.00
# Visual Studio Version 16
VisualStudioVersion = 16.0.29123.88
MinimumVisualStudioVersion = 10.0.40219.1
Project("{FAE04EC0-301F-11D3-BF4B-00C04F79EFBC}") = "Generic Simple", "Generic Simple\Generic Simple.csproj", "{00D28996-9427-4AF7-9F42-316DEB349686}"
EndProject
Global
	GlobalSection(SolutionConfigurationPlatforms) = preSolution
		Debug|Any CPU = Debug|Any CPU
		Release|Any CPU = Release|Any CPU
	EndGlobalSection
	GlobalSection(ProjectConfigurationPlatforms) = postSolution
		{00D28996-9427-4AF7-9F42-316DEB349686}.Debug|Any CPU.ActiveCfg = Debug|Any CPU
		{00D28996-9427-4AF7-9F42-316DEB349686}.Debug|Any CPU.Build.0 = Debug|Any CPU
		{00D28996-9427-4AF7-9F42-316DEB349686}.Release|Any CPU.ActiveCfg = Release|Any CPU
		{00D28996-9427-4AF7-9F42-316DEB349686}.Release|Any CPU.Build.0 = Release|Any CPU
	EndGlobalSection
	GlobalSection(SolutionProperties) = preSolution
		HideSolutionNode = FALSE
	EndGlobalSection
	GlobalSection(ExtensibilityGlobals) = postSolution
		SolutionGuid = {9C95310B-A375-45B7-A841-69B262E8A601}
	EndGlobalSection
EndGlobal
